// !$*UTF8*$!
{
	archiveVersion = 1;
	classes = {
	};
	objectVersion = 46;
	objects = {

/* Begin PBXBuildFile section */
		3620767B1A8EA2AC00736BE6 /* MailClient.m in Sources */ = {isa = PBXBuildFile; fileRef = 3620767A1A8EA2AC00736BE6 /* MailClient.m */; };
		36554C991A94F99900BFD9C8 /* ResponseParser.m in Sources */ = {isa = PBXBuildFile; fileRef = 36554C981A94F99900BFD9C8 /* ResponseParser.m */; };
		36FB9ABB1A8E81AF009B322D /* MailClient.swift in Sources */ = {isa = PBXBuildFile; fileRef = 36FB9ABA1A8E81AF009B322D /* MailClient.swift */; };
		B181641D1A815C0B0052BBFF /* main.m in Sources */ = {isa = PBXBuildFile; fileRef = B181641C1A815C0B0052BBFF /* main.m */; };
		B18164201A815C0B0052BBFF /* AppDelegate.m in Sources */ = {isa = PBXBuildFile; fileRef = B181641F1A815C0B0052BBFF /* AppDelegate.m */; };
		B18164231A815C0B0052BBFF /* ViewController.m in Sources */ = {isa = PBXBuildFile; fileRef = B18164221A815C0B0052BBFF /* ViewController.m */; };
		B18164261A815C0B0052BBFF /* Main.storyboard in Resources */ = {isa = PBXBuildFile; fileRef = B18164241A815C0B0052BBFF /* Main.storyboard */; };
		B18164281A815C0B0052BBFF /* Images.xcassets in Resources */ = {isa = PBXBuildFile; fileRef = B18164271A815C0B0052BBFF /* Images.xcassets */; };
		B181642B1A815C0B0052BBFF /* LaunchScreen.xib in Resources */ = {isa = PBXBuildFile; fileRef = B18164291A815C0B0052BBFF /* LaunchScreen.xib */; };
		B18164371A815C0B0052BBFF /* OAuth2ClientTestTests.m in Sources */ = {isa = PBXBuildFile; fileRef = B18164361A815C0B0052BBFF /* OAuth2ClientTestTests.m */; };
		EC268B8ADA3B9D381D6AAA39 /* libPods.a in Frameworks */ = {isa = PBXBuildFile; fileRef = 57849AA0674F3AE8F0FA5E68 /* libPods.a */; };
/* End PBXBuildFile section */

/* Begin PBXContainerItemProxy section */
		B18164311A815C0B0052BBFF /* PBXContainerItemProxy */ = {
			isa = PBXContainerItemProxy;
			containerPortal = B181640F1A815C0B0052BBFF /* Project object */;
			proxyType = 1;
			remoteGlobalIDString = B18164161A815C0B0052BBFF;
			remoteInfo = OAuth2ClientTest;
		};
/* End PBXContainerItemProxy section */

/* Begin PBXFileReference section */
		1E30391C7CC85D173A2CE59F /* Pods.debug.xcconfig */ = {isa = PBXFileReference; includeInIndex = 1; lastKnownFileType = text.xcconfig; name = Pods.debug.xcconfig; path = "Pods/Target Support Files/Pods/Pods.debug.xcconfig"; sourceTree = "<group>"; };
		362076791A8EA2AC00736BE6 /* MailClient.h */ = {isa = PBXFileReference; fileEncoding = 4; lastKnownFileType = sourcecode.c.h; path = MailClient.h; sourceTree = "<group>"; };
		3620767A1A8EA2AC00736BE6 /* MailClient.m */ = {isa = PBXFileReference; fileEncoding = 4; lastKnownFileType = sourcecode.c.objc; path = MailClient.m; sourceTree = "<group>"; };
		36554C971A94F99900BFD9C8 /* ResponseParser.h */ = {isa = PBXFileReference; fileEncoding = 4; lastKnownFileType = sourcecode.c.h; path = ResponseParser.h; sourceTree = "<group>"; };
		36554C981A94F99900BFD9C8 /* ResponseParser.m */ = {isa = PBXFileReference; fileEncoding = 4; lastKnownFileType = sourcecode.c.objc; path = ResponseParser.m; sourceTree = "<group>"; };
		36FB9AB91A8E81AF009B322D /* OAuth2ClientTest-Bridging-Header.h */ = {isa = PBXFileReference; lastKnownFileType = sourcecode.c.h; path = "OAuth2ClientTest-Bridging-Header.h"; sourceTree = "<group>"; };
		36FB9ABA1A8E81AF009B322D /* MailClient.swift */ = {isa = PBXFileReference; fileEncoding = 4; lastKnownFileType = sourcecode.swift; path = MailClient.swift; sourceTree = "<group>"; };
		57849AA0674F3AE8F0FA5E68 /* libPods.a */ = {isa = PBXFileReference; explicitFileType = archive.ar; includeInIndex = 0; path = libPods.a; sourceTree = BUILT_PRODUCTS_DIR; };
		9C9721152C16D15C59FA58A5 /* Pods.release.xcconfig */ = {isa = PBXFileReference; includeInIndex = 1; lastKnownFileType = text.xcconfig; name = Pods.release.xcconfig; path = "Pods/Target Support Files/Pods/Pods.release.xcconfig"; sourceTree = "<group>"; };
		B18164171A815C0B0052BBFF /* OAuth2ClientTest.app */ = {isa = PBXFileReference; explicitFileType = wrapper.application; includeInIndex = 0; path = OAuth2ClientTest.app; sourceTree = BUILT_PRODUCTS_DIR; };
		B181641B1A815C0B0052BBFF /* Info.plist */ = {isa = PBXFileReference; lastKnownFileType = text.plist.xml; path = Info.plist; sourceTree = "<group>"; };
		B181641C1A815C0B0052BBFF /* main.m */ = {isa = PBXFileReference; lastKnownFileType = sourcecode.c.objc; path = main.m; sourceTree = "<group>"; };
		B181641E1A815C0B0052BBFF /* AppDelegate.h */ = {isa = PBXFileReference; lastKnownFileType = sourcecode.c.h; path = AppDelegate.h; sourceTree = "<group>"; };
		B181641F1A815C0B0052BBFF /* AppDelegate.m */ = {isa = PBXFileReference; lastKnownFileType = sourcecode.c.objc; path = AppDelegate.m; sourceTree = "<group>"; };
		B18164211A815C0B0052BBFF /* ViewController.h */ = {isa = PBXFileReference; lastKnownFileType = sourcecode.c.h; path = ViewController.h; sourceTree = "<group>"; };
		B18164221A815C0B0052BBFF /* ViewController.m */ = {isa = PBXFileReference; lastKnownFileType = sourcecode.c.objc; path = ViewController.m; sourceTree = "<group>"; };
		B18164251A815C0B0052BBFF /* Base */ = {isa = PBXFileReference; lastKnownFileType = file.storyboard; name = Base; path = Base.lproj/Main.storyboard; sourceTree = "<group>"; };
		B18164271A815C0B0052BBFF /* Images.xcassets */ = {isa = PBXFileReference; lastKnownFileType = folder.assetcatalog; path = Images.xcassets; sourceTree = "<group>"; };
		B181642A1A815C0B0052BBFF /* Base */ = {isa = PBXFileReference; lastKnownFileType = file.xib; name = Base; path = Base.lproj/LaunchScreen.xib; sourceTree = "<group>"; };
		B18164301A815C0B0052BBFF /* OAuth2ClientTestTests.xctest */ = {isa = PBXFileReference; explicitFileType = wrapper.cfbundle; includeInIndex = 0; path = OAuth2ClientTestTests.xctest; sourceTree = BUILT_PRODUCTS_DIR; };
		B18164351A815C0B0052BBFF /* Info.plist */ = {isa = PBXFileReference; lastKnownFileType = text.plist.xml; path = Info.plist; sourceTree = "<group>"; };
		B18164361A815C0B0052BBFF /* OAuth2ClientTestTests.m */ = {isa = PBXFileReference; lastKnownFileType = sourcecode.c.objc; path = OAuth2ClientTestTests.m; sourceTree = "<group>"; };
/* End PBXFileReference section */

/* Begin PBXFrameworksBuildPhase section */
		B18164141A815C0B0052BBFF /* Frameworks */ = {
			isa = PBXFrameworksBuildPhase;
			buildActionMask = 2147483647;
			files = (
				EC268B8ADA3B9D381D6AAA39 /* libPods.a in Frameworks */,
			);
			runOnlyForDeploymentPostprocessing = 0;
		};
		B181642D1A815C0B0052BBFF /* Frameworks */ = {
			isa = PBXFrameworksBuildPhase;
			buildActionMask = 2147483647;
			files = (
			);
			runOnlyForDeploymentPostprocessing = 0;
		};
/* End PBXFrameworksBuildPhase section */

/* Begin PBXGroup section */
		3A83D59BD5D29420F2822DBE /* Frameworks */ = {
			isa = PBXGroup;
			children = (
				57849AA0674F3AE8F0FA5E68 /* libPods.a */,
			);
			name = Frameworks;
			sourceTree = "<group>";
		};
		7A981845821540E1F90A5E46 /* Pods */ = {
			isa = PBXGroup;
			children = (
				1E30391C7CC85D173A2CE59F /* Pods.debug.xcconfig */,
				9C9721152C16D15C59FA58A5 /* Pods.release.xcconfig */,
			);
			name = Pods;
			sourceTree = "<group>";
		};
		B181640E1A815C0B0052BBFF = {
			isa = PBXGroup;
			children = (
				362076791A8EA2AC00736BE6 /* MailClient.h */,
				3620767A1A8EA2AC00736BE6 /* MailClient.m */,
				B18164191A815C0B0052BBFF /* OAuth2ClientTest */,
				B18164331A815C0B0052BBFF /* OAuth2ClientTestTests */,
				B18164181A815C0B0052BBFF /* Products */,
				7A981845821540E1F90A5E46 /* Pods */,
				3A83D59BD5D29420F2822DBE /* Frameworks */,
			);
			sourceTree = "<group>";
		};
		B18164181A815C0B0052BBFF /* Products */ = {
			isa = PBXGroup;
			children = (
				B18164171A815C0B0052BBFF /* OAuth2ClientTest.app */,
				B18164301A815C0B0052BBFF /* OAuth2ClientTestTests.xctest */,
			);
			name = Products;
			sourceTree = "<group>";
		};
		B18164191A815C0B0052BBFF /* OAuth2ClientTest */ = {
			isa = PBXGroup;
			children = (
				B181641E1A815C0B0052BBFF /* AppDelegate.h */,
				B181641F1A815C0B0052BBFF /* AppDelegate.m */,
				B18164211A815C0B0052BBFF /* ViewController.h */,
				B18164221A815C0B0052BBFF /* ViewController.m */,
				B18164241A815C0B0052BBFF /* Main.storyboard */,
				B18164271A815C0B0052BBFF /* Images.xcassets */,
				B18164291A815C0B0052BBFF /* LaunchScreen.xib */,
				B181641A1A815C0B0052BBFF /* Supporting Files */,
				36FB9ABA1A8E81AF009B322D /* MailClient.swift */,
				36FB9AB91A8E81AF009B322D /* OAuth2ClientTest-Bridging-Header.h */,
				36554C971A94F99900BFD9C8 /* ResponseParser.h */,
				36554C981A94F99900BFD9C8 /* ResponseParser.m */,
			);
			path = OAuth2ClientTest;
			sourceTree = "<group>";
		};
		B181641A1A815C0B0052BBFF /* Supporting Files */ = {
			isa = PBXGroup;
			children = (
				B181641B1A815C0B0052BBFF /* Info.plist */,
				B181641C1A815C0B0052BBFF /* main.m */,
			);
			name = "Supporting Files";
			sourceTree = "<group>";
		};
		B18164331A815C0B0052BBFF /* OAuth2ClientTestTests */ = {
			isa = PBXGroup;
			children = (
				B18164361A815C0B0052BBFF /* OAuth2ClientTestTests.m */,
				B18164341A815C0B0052BBFF /* Supporting Files */,
			);
			path = OAuth2ClientTestTests;
			sourceTree = "<group>";
		};
		B18164341A815C0B0052BBFF /* Supporting Files */ = {
			isa = PBXGroup;
			children = (
				B18164351A815C0B0052BBFF /* Info.plist */,
			);
			name = "Supporting Files";
			sourceTree = "<group>";
		};
/* End PBXGroup section */

/* Begin PBXNativeTarget section */
		B18164161A815C0B0052BBFF /* OAuth2ClientTest */ = {
			isa = PBXNativeTarget;
			buildConfigurationList = B181643A1A815C0B0052BBFF /* Build configuration list for PBXNativeTarget "OAuth2ClientTest" */;
			buildPhases = (
				65204EA065DA97E95775D152 /* Check Pods Manifest.lock */,
				B18164131A815C0B0052BBFF /* Sources */,
				B18164141A815C0B0052BBFF /* Frameworks */,
				B18164151A815C0B0052BBFF /* Resources */,
				247F58AEBB36AEDE7E840661 /* Copy Pods Resources */,
			);
			buildRules = (
			);
			dependencies = (
			);
			name = OAuth2ClientTest;
			productName = OAuth2ClientTest;
			productReference = B18164171A815C0B0052BBFF /* OAuth2ClientTest.app */;
			productType = "com.apple.product-type.application";
		};
		B181642F1A815C0B0052BBFF /* OAuth2ClientTestTests */ = {
			isa = PBXNativeTarget;
			buildConfigurationList = B181643D1A815C0B0052BBFF /* Build configuration list for PBXNativeTarget "OAuth2ClientTestTests" */;
			buildPhases = (
				B181642C1A815C0B0052BBFF /* Sources */,
				B181642D1A815C0B0052BBFF /* Frameworks */,
				B181642E1A815C0B0052BBFF /* Resources */,
			);
			buildRules = (
			);
			dependencies = (
				B18164321A815C0B0052BBFF /* PBXTargetDependency */,
			);
			name = OAuth2ClientTestTests;
			productName = OAuth2ClientTestTests;
			productReference = B18164301A815C0B0052BBFF /* OAuth2ClientTestTests.xctest */;
			productType = "com.apple.product-type.bundle.unit-test";
		};
/* End PBXNativeTarget section */

/* Begin PBXProject section */
		B181640F1A815C0B0052BBFF /* Project object */ = {
			isa = PBXProject;
			attributes = {
				LastUpgradeCheck = 0610;
				ORGANIZATIONNAME = "Lin Zhang";
				TargetAttributes = {
					B18164161A815C0B0052BBFF = {
						CreatedOnToolsVersion = 6.1.1;
					};
					B181642F1A815C0B0052BBFF = {
						CreatedOnToolsVersion = 6.1.1;
						TestTargetID = B18164161A815C0B0052BBFF;
					};
				};
			};
			buildConfigurationList = B18164121A815C0B0052BBFF /* Build configuration list for PBXProject "OAuth2ClientTest" */;
			compatibilityVersion = "Xcode 3.2";
			developmentRegion = English;
			hasScannedForEncodings = 0;
			knownRegions = (
				en,
				Base,
			);
			mainGroup = B181640E1A815C0B0052BBFF;
			productRefGroup = B18164181A815C0B0052BBFF /* Products */;
			projectDirPath = "";
			projectRoot = "";
			targets = (
				B18164161A815C0B0052BBFF /* OAuth2ClientTest */,
				B181642F1A815C0B0052BBFF /* OAuth2ClientTestTests */,
			);
		};
/* End PBXProject section */

/* Begin PBXResourcesBuildPhase section */
		B18164151A815C0B0052BBFF /* Resources */ = {
			isa = PBXResourcesBuildPhase;
			buildActionMask = 2147483647;
			files = (
				B18164261A815C0B0052BBFF /* Main.storyboard in Resources */,
				B181642B1A815C0B0052BBFF /* LaunchScreen.xib in Resources */,
				B18164281A815C0B0052BBFF /* Images.xcassets in Resources */,
			);
			runOnlyForDeploymentPostprocessing = 0;
		};
		B181642E1A815C0B0052BBFF /* Resources */ = {
			isa = PBXResourcesBuildPhase;
			buildActionMask = 2147483647;
			files = (
			);
			runOnlyForDeploymentPostprocessing = 0;
		};
/* End PBXResourcesBuildPhase section */

/* Begin PBXShellScriptBuildPhase section */
		247F58AEBB36AEDE7E840661 /* Copy Pods Resources */ = {
			isa = PBXShellScriptBuildPhase;
			buildActionMask = 2147483647;
			files = (
			);
			inputPaths = (
			);
			name = "Copy Pods Resources";
			outputPaths = (
			);
			runOnlyForDeploymentPostprocessing = 0;
			shellPath = /bin/sh;
			shellScript = "\"${SRCROOT}/Pods/Target Support Files/Pods/Pods-resources.sh\"\n";
			showEnvVarsInLog = 0;
		};
		65204EA065DA97E95775D152 /* Check Pods Manifest.lock */ = {
			isa = PBXShellScriptBuildPhase;
			buildActionMask = 2147483647;
			files = (
			);
			inputPaths = (
			);
			name = "Check Pods Manifest.lock";
			outputPaths = (
			);
			runOnlyForDeploymentPostprocessing = 0;
			shellPath = /bin/sh;
			shellScript = "diff \"${PODS_ROOT}/../Podfile.lock\" \"${PODS_ROOT}/Manifest.lock\" > /dev/null\nif [[ $? != 0 ]] ; then\n    cat << EOM\nerror: The sandbox is not in sync with the Podfile.lock. Run 'pod install' or update your CocoaPods installation.\nEOM\n    exit 1\nfi\n";
			showEnvVarsInLog = 0;
		};
/* End PBXShellScriptBuildPhase section */

/* Begin PBXSourcesBuildPhase section */
		B18164131A815C0B0052BBFF /* Sources */ = {
			isa = PBXSourcesBuildPhase;
			buildActionMask = 2147483647;
			files = (
				B18164231A815C0B0052BBFF /* ViewController.m in Sources */,
				36554C991A94F99900BFD9C8 /* ResponseParser.m in Sources */,
				36FB9ABB1A8E81AF009B322D /* MailClient.swift in Sources */,
				B18164201A815C0B0052BBFF /* AppDelegate.m in Sources */,
				B181641D1A815C0B0052BBFF /* main.m in Sources */,
				3620767B1A8EA2AC00736BE6 /* MailClient.m in Sources */,
			);
			runOnlyForDeploymentPostprocessing = 0;
		};
		B181642C1A815C0B0052BBFF /* Sources */ = {
			isa = PBXSourcesBuildPhase;
			buildActionMask = 2147483647;
			files = (
				B18164371A815C0B0052BBFF /* OAuth2ClientTestTests.m in Sources */,
			);
			runOnlyForDeploymentPostprocessing = 0;
		};
/* End PBXSourcesBuildPhase section */

/* Begin PBXTargetDependency section */
		B18164321A815C0B0052BBFF /* PBXTargetDependency */ = {
			isa = PBXTargetDependency;
			target = B18164161A815C0B0052BBFF /* OAuth2ClientTest */;
			targetProxy = B18164311A815C0B0052BBFF /* PBXContainerItemProxy */;
		};
/* End PBXTargetDependency section */

/* Begin PBXVariantGroup section */
		B18164241A815C0B0052BBFF /* Main.storyboard */ = {
			isa = PBXVariantGroup;
			children = (
				B18164251A815C0B0052BBFF /* Base */,
			);
			name = Main.storyboard;
			sourceTree = "<group>";
		};
		B18164291A815C0B0052BBFF /* LaunchScreen.xib */ = {
			isa = PBXVariantGroup;
			children = (
				B181642A1A815C0B0052BBFF /* Base */,
			);
			name = LaunchScreen.xib;
			sourceTree = "<group>";
		};
/* End PBXVariantGroup section */

/* Begin XCBuildConfiguration section */
		B18164381A815C0B0052BBFF /* Debug */ = {
			isa = XCBuildConfiguration;
			buildSettings = {
				ALWAYS_SEARCH_USER_PATHS = NO;
				CLANG_CXX_LANGUAGE_STANDARD = "gnu++0x";
				CLANG_CXX_LIBRARY = "libc++";
				CLANG_ENABLE_MODULES = YES;
				CLANG_ENABLE_OBJC_ARC = YES;
				CLANG_WARN_BOOL_CONVERSION = YES;
				CLANG_WARN_CONSTANT_CONVERSION = YES;
				CLANG_WARN_DIRECT_OBJC_ISA_USAGE = YES_ERROR;
				CLANG_WARN_EMPTY_BODY = YES;
				CLANG_WARN_ENUM_CONVERSION = YES;
				CLANG_WARN_INT_CONVERSION = YES;
				CLANG_WARN_OBJC_ROOT_CLASS = YES_ERROR;
				CLANG_WARN_UNREACHABLE_CODE = YES;
				CLANG_WARN__DUPLICATE_METHOD_MATCH = YES;
				"CODE_SIGN_IDENTITY[sdk=iphoneos*]" = "iPhone Developer";
				COPY_PHASE_STRIP = NO;
				ENABLE_STRICT_OBJC_MSGSEND = YES;
				GCC_C_LANGUAGE_STANDARD = gnu99;
				GCC_DYNAMIC_NO_PIC = NO;
				GCC_OPTIMIZATION_LEVEL = 0;
				GCC_PREPROCESSOR_DEFINITIONS = (
					"DEBUG=1",
					"$(inherited)",
				);
				GCC_SYMBOLS_PRIVATE_EXTERN = NO;
				GCC_WARN_64_TO_32_BIT_CONVERSION = YES;
				GCC_WARN_ABOUT_RETURN_TYPE = YES_ERROR;
				GCC_WARN_UNDECLARED_SELECTOR = YES;
				GCC_WARN_UNINITIALIZED_AUTOS = YES_AGGRESSIVE;
				GCC_WARN_UNUSED_FUNCTION = YES;
				GCC_WARN_UNUSED_VARIABLE = YES;
				IPHONEOS_DEPLOYMENT_TARGET = 8.1;
				MTL_ENABLE_DEBUG_INFO = YES;
				ONLY_ACTIVE_ARCH = YES;
				SDKROOT = iphoneos;
				TARGETED_DEVICE_FAMILY = "1,2";
			};
			name = Debug;
		};
		B18164391A815C0B0052BBFF /* Release */ = {
			isa = XCBuildConfiguration;
			buildSettings = {
				ALWAYS_SEARCH_USER_PATHS = NO;
				CLANG_CXX_LANGUAGE_STANDARD = "gnu++0x";
				CLANG_CXX_LIBRARY = "libc++";
				CLANG_ENABLE_MODULES = YES;
				CLANG_ENABLE_OBJC_ARC = YES;
				CLANG_WARN_BOOL_CONVERSION = YES;
				CLANG_WARN_CONSTANT_CONVERSION = YES;
				CLANG_WARN_DIRECT_OBJC_ISA_USAGE = YES_ERROR;
				CLANG_WARN_EMPTY_BODY = YES;
				CLANG_WARN_ENUM_CONVERSION = YES;
				CLANG_WARN_INT_CONVERSION = YES;
				CLANG_WARN_OBJC_ROOT_CLASS = YES_ERROR;
				CLANG_WARN_UNREACHABLE_CODE = YES;
				CLANG_WARN__DUPLICATE_METHOD_MATCH = YES;
				"CODE_SIGN_IDENTITY[sdk=iphoneos*]" = "iPhone Developer";
				COPY_PHASE_STRIP = YES;
				ENABLE_NS_ASSERTIONS = NO;
				ENABLE_STRICT_OBJC_MSGSEND = YES;
				GCC_C_LANGUAGE_STANDARD = gnu99;
				GCC_WARN_64_TO_32_BIT_CONVERSION = YES;
				GCC_WARN_ABOUT_RETURN_TYPE = YES_ERROR;
				GCC_WARN_UNDECLARED_SELECTOR = YES;
				GCC_WARN_UNINITIALIZED_AUTOS = YES_AGGRESSIVE;
				GCC_WARN_UNUSED_FUNCTION = YES;
				GCC_WARN_UNUSED_VARIABLE = YES;
				IPHONEOS_DEPLOYMENT_TARGET = 8.1;
				MTL_ENABLE_DEBUG_INFO = NO;
				SDKROOT = iphoneos;
				TARGETED_DEVICE_FAMILY = "1,2";
				VALIDATE_PRODUCT = YES;
			};
			name = Release;
		};
		B181643B1A815C0B0052BBFF /* Debug */ = {
			isa = XCBuildConfiguration;
			baseConfigurationReference = 1E30391C7CC85D173A2CE59F /* Pods.debug.xcconfig */;
			buildSettings = {
				ASSETCATALOG_COMPILER_APPICON_NAME = AppIcon;
				CLANG_ENABLE_MODULES = YES;
				INFOPLIST_FILE = OAuth2ClientTest/Info.plist;
				LD_RUNPATH_SEARCH_PATHS = "$(inherited) @executable_path/Frameworks";
				PRODUCT_NAME = "$(TARGET_NAME)";
				SWIFT_OBJC_BRIDGING_HEADER = "OAuth2ClientTest/OAuth2ClientTest-Bridging-Header.h";
				SWIFT_OPTIMIZATION_LEVEL = "-Onone";
			};
			name = Debug;
		};
		B181643C1A815C0B0052BBFF /* Release */ = {
			isa = XCBuildConfiguration;
			baseConfigurationReference = 9C9721152C16D15C59FA58A5 /* Pods.release.xcconfig */;
			buildSettings = {
				ASSETCATALOG_COMPILER_APPICON_NAME = AppIcon;
				CLANG_ENABLE_MODULES = YES;
				INFOPLIST_FILE = OAuth2ClientTest/Info.plist;
				LD_RUNPATH_SEARCH_PATHS = "$(inherited) @executable_path/Frameworks";
				PRODUCT_NAME = "$(TARGET_NAME)";
				SWIFT_OBJC_BRIDGING_HEADER = "OAuth2ClientTest/OAuth2ClientTest-Bridging-Header.h";
			};
			name = Release;
		};
		B181643E1A815C0B0052BBFF /* Debug */ = {
			isa = XCBuildConfiguration;
			buildSettings = {
				BUNDLE_LOADER = "$(TEST_HOST)";
				FRAMEWORK_SEARCH_PATHS = (
					"$(SDKROOT)/Developer/Library/Frameworks",
					"$(inherited)",
				);
				GCC_PREPROCESSOR_DEFINITIONS = (
					"DEBUG=1",
					"$(inherited)",
				);
				INFOPLIST_FILE = OAuth2ClientTestTests/Info.plist;
				LD_RUNPATH_SEARCH_PATHS = "$(inherited) @executable_path/Frameworks @loader_path/Frameworks";
				PRODUCT_NAME = "$(TARGET_NAME)";
				TEST_HOST = "$(BUILT_PRODUCTS_DIR)/OAuth2ClientTest.app/OAuth2ClientTest";
			};
			name = Debug;
		};
		B181643F1A815C0B0052BBFF /* Release */ = {
			isa = XCBuildConfiguration;
			buildSettings = {
				BUNDLE_LOADER = "$(TEST_HOST)";
				FRAMEWORK_SEARCH_PATHS = (
					"$(SDKROOT)/Developer/Library/Frameworks",
					"$(inherited)",
				);
				INFOPLIST_FILE = OAuth2ClientTestTests/Info.plist;
				LD_RUNPATH_SEARCH_PATHS = "$(inherited) @executable_path/Frameworks @loader_path/Frameworks";
				PRODUCT_NAME = "$(TARGET_NAME)";
				TEST_HOST = "$(BUILT_PRODUCTS_DIR)/OAuth2ClientTest.app/OAuth2ClientTest";
			};
			name = Release;
		};
/* End XCBuildConfiguration section */

/* Begin XCConfigurationList section */
		B18164121A815C0B0052BBFF /* Build configuration list for PBXProject "OAuth2ClientTest" */ = {
			isa = XCConfigurationList;
			buildConfigurations = (
				B18164381A815C0B0052BBFF /* Debug */,
				B18164391A815C0B0052BBFF /* Release */,
			);
			defaultConfigurationIsVisible = 0;
			defaultConfigurationName = Release;
		};
		B181643A1A815C0B0052BBFF /* Build configuration list for PBXNativeTarget "OAuth2ClientTest" */ = {
			isa = XCConfigurationList;
			buildConfigurations = (
				B181643B1A815C0B0052BBFF /* Debug */,
				B181643C1A815C0B0052BBFF /* Release */,
			);
			defaultConfigurationIsVisible = 0;
			defaultConfigurationName = Release;
		};
		B181643D1A815C0B0052BBFF /* Build configuration list for PBXNativeTarget "OAuth2ClientTestTests" */ = {
			isa = XCConfigurationList;
			buildConfigurations = (
				B181643E1A815C0B0052BBFF /* Debug */,
				B181643F1A815C0B0052BBFF /* Release */,
			);
			defaultConfigurationIsVisible = 0;
			defaultConfigurationName = Release;
		};
/* End XCConfigurationList section */
	};
	rootObject = B181640F1A815C0B0052BBFF /* Project object */;
}
